github.com/VividCortex/ewma v1.1.1 h1:MnEK4VOv6n0RSY4vtRe3h11qjxL3+t0B8yOL8iMXdcM=
github.com/VividCortex/ewma v1.1.1/go.mod h1:2Tkkvm3sRDVXaiyucHiACn4cqf7DpdyLvmxzcbUokwA=
github.com/hashicorp/go-cleanhttp v0.5.0 h1:wvCrVc9TjDls6+YGAF2hAifE1E5U1+b4tH6KdvN3Gig=
github.com/hashicorp/go-cleanhttp v0.5.0/go.mod h1:JpRdi6/HCYpAwUzNwuwqhbovhLtngrth3wmdIIUrZ80=
github.com/jessevdk/go-flags v1.4.0 h1:4IU2WS7AumrZ/40jfhf4QVDMsQwqA7VEHozFRrGARJA=
github.com/jessevdk/go-flags v1.4.0/go.mod h1:4FA24M0QyGHXBuZZK/XkWh8h0e1EYbRYJSGM75WSRxI=
github.com/pkg/errors v0.8.1 h1:iURUrRGxPUNPdy5/HRSm+Yj6okJ6UtLINN0Q9M4+h3I=
github.com/pkg/errors v0.8.1/go.mod h1:bwawxfHBFNV+L2hUp1rHADufV3IMtnDRdf1r5NINEl0=
github.com/vbauerster/backoff v0.0.0-20181208103505-4a397a2ed207 h1:mruvor5aQskq3fC4VuuC+lCcfF7FMNlyOdH7ZYuwh2A=
github.com/vbauerster/backoff v0.0.0-20181208103505-4a397a2ed207/go.mod h1:4n8MUPanyimvPJGVSIdWstdHjBIj7lKd2zdz1opy34I=
github.com/vbauerster/mpb/v4 v4.6.0 h1:8TF1TYbRc7IuaIwA0rGM/DAr25OrfYUAMFAgU1RDvsw=
github.com/vbauerster/mpb/v4 v4.6.0/go.mod h1:bTEFEKvSeMyGvZVflCs/jDs0Jlc5RJJVSN72r0QxBJI=
golang.org/x/crypto v0.0.0-20190228161510-8dd112bcdc25 h1:jsG6UpNLt9iAsb0S2AGW28DveNzzgmbXR+ENoPjUeIU=
golang.org/x/crypto v0.0.0-20190228161510-8dd112bcdc25/go.mod h1:djNgcEr1/C05ACkg1iLfiJU5Ep61QUkGW8qpdssI0+w=
golang.org/x/sync v0.0.0-20190227155943-e225da77a7e6 h1:bjcUS9ztw9kFmmIxJInhon/0Is3p+EHBKNgquIzo1OI=
golang.org/x/sync v0.0.0-20190227155943-e225da77a7e6/go.mod h1:RxMgew5VJxzue5/jJTE5uejpjVlOe/izrB70Jof72aM=
golang.org/x/sys v0.0.0-20190215142949-d0b11bdaac8a/go.mod h1:STP8DvDyc/dI5b8T5hshtkjS+E42TnysNCUPdjciGhY=
golang.org/x/sys v0.0.0-20190307162637-572b51eaf722 h1:LSRNeQHux7ghsicM4qcfeKMS/jqCsp0fqd4Y2UJL6eA=
golang.org/x/sys v0.0.0-20190307162637-572b51eaf722/go.mod h1:h1NjWce9XRLGQEsW7wpKNCjG9DtNlClVuFLEZdDNbEs=
